
Microsoft Visual Studio Solution File, Format Version 12.00
# Visual Studio Version 16
VisualStudioVersion = 16.0.29905.134
MinimumVisualStudioVersion = 10.0.40219.1
Project("{8BC9CEB8-8B4A-11D0-8D11-00A0C91BC942}") = "cudaUniqueIndexCalcuWithOffset", "cudaUniqueIndexCalcuWithOffset.vcxproj", "{FC14F108-278F-48F2-B66E-ECF1800AFF36}"
EndProject
Global
	GlobalSection(SolutionConfigurationPlatforms) = preSolution
		Debug|x64 = Debug|x64
		Release|x64 = Release|x64
	EndGlobalSection
	GlobalSection(ProjectConfigurationPlatforms) = postSolution
		{FC14F108-278F-48F2-B66E-ECF1800AFF36}.Debug|x64.ActiveCfg = Debug|x64
		{FC14F108-278F-48F2-B66E-ECF1800AFF36}.Debug|x64.Build.0 = Debug|x64
		{FC14F108-278F-48F2-B66E-ECF1800AFF36}.Release|x64.ActiveCfg = Release|x64
		{FC14F108-278F-48F2-B66E-ECF1800AFF36}.Release|x64.Build.0 = Release|x64
	EndGlobalSection
	GlobalSection(SolutionProperties) = preSolution
		HideSolutionNode = FALSE
	EndGlobalSection
	GlobalSection(ExtensibilityGlobals) = postSolution
		SolutionGuid = {8F7C789B-DF58-465E-B1C7-164255800B25}
	EndGlobalSection
EndGlobal
